
Microsoft Visual Studio Solution File, Format Version 12.00
# Visual Studio Version 16
VisualStudioVersion = 16.0.30907.101
MinimumVisualStudioVersion = 10.0.40219.1
Project("{FAE04EC0-301F-11D3-BF4B-00C04F79EFBC}") = "HCI_mini_projekat", "HCI_mini_projekat\HCI_mini_projekat.csproj", "{1C3897CB-44E4-43E9-ABA0-A36F06F1BA92}"
EndProject
Global
	GlobalSection(SolutionConfigurationPlatforms) = preSolution
		Debug|Any CPU = Debug|Any CPU
		Release|Any CPU = Release|Any CPU
	EndGlobalSection
	GlobalSection(ProjectConfigurationPlatforms) = postSolution
		{1C3897CB-44E4-43E9-ABA0-A36F06F1BA92}.Debug|Any CPU.ActiveCfg = Debug|Any CPU
		{1C3897CB-44E4-43E9-ABA0-A36F06F1BA92}.Debug|Any CPU.Build.0 = Debug|Any CPU
		{1C3897CB-44E4-43E9-ABA0-A36F06F1BA92}.Release|Any CPU.ActiveCfg = Release|Any CPU
		{1C3897CB-44E4-43E9-ABA0-A36F06F1BA92}.Release|Any CPU.Build.0 = Release|Any CPU
	EndGlobalSection
	GlobalSection(SolutionProperties) = preSolution
		HideSolutionNode = FALSE
	EndGlobalSection
	GlobalSection(ExtensibilityGlobals) = postSolution
		SolutionGuid = {A362B94C-0AF5-468B-9360-D585AF0AF392}
	EndGlobalSection
EndGlobal
